
Microsoft Visual Studio Solution File, Format Version 12.00
# Visual Studio Version 17
VisualStudioVersion = 17.11.35005.142
MinimumVisualStudioVersion = 10.0.40219.1
Project("{9A19103F-16F7-4668-BE54-9A1E7A4F7556}") = "JmsUserLogonStatistics", "JmsUserLogonStatistics\JmsUserLogonStatistics.csproj", "{2A3312CD-0B36-41F1-BCD7-C1CAE42FC3FF}"
EndProject
Project("{2150E333-8FDC-42A3-9474-1A3956D46DE8}") = "解决方案项", "解决方案项", "{5D656F63-11F4-4910-AC49-40E17A82E52F}"
	ProjectSection(SolutionItems) = preProject
		pics\1.png = pics\1.png
		pics\2.png = pics\2.png
		pics\3.png = pics\3.png
		pics\4.png = pics\4.png
		README.md = README.md
	EndProjectSection
EndProject
Global
	GlobalSection(SolutionConfigurationPlatforms) = preSolution
		Debug|Any CPU = Debug|Any CPU
		Release|Any CPU = Release|Any CPU
	EndGlobalSection
	GlobalSection(ProjectConfigurationPlatforms) = postSolution
		{2A3312CD-0B36-41F1-BCD7-C1CAE42FC3FF}.Debug|Any CPU.ActiveCfg = Debug|Any CPU
		{2A3312CD-0B36-41F1-BCD7-C1CAE42FC3FF}.Debug|Any CPU.Build.0 = Debug|Any CPU
		{2A3312CD-0B36-41F1-BCD7-C1CAE42FC3FF}.Release|Any CPU.ActiveCfg = Release|Any CPU
		{2A3312CD-0B36-41F1-BCD7-C1CAE42FC3FF}.Release|Any CPU.Build.0 = Release|Any CPU
	EndGlobalSection
	GlobalSection(SolutionProperties) = preSolution
		HideSolutionNode = FALSE
	EndGlobalSection
	GlobalSection(ExtensibilityGlobals) = postSolution
		SolutionGuid = {15E2F47F-FE9C-4DA1-A789-A2EAA0C602E8}
	EndGlobalSection
EndGlobal
